{
  "nodes": {
    "aleph2-common": {
      "inputs": {
        "flake-utils": [
          "aleph2-common",
          "nix-ros-overlay",
          "flake-utils"
        ],
        "nix-ros-overlay": "nix-ros-overlay",
        "nixpkgs": [
          "aleph2-common",
          "nix-ros-overlay",
          "nixpkgs"
        ]
      },
      "locked": {
        "lastModified": 1752331647,
        "narHash": "sha256-8L3U+hf2I7wGDfvMGdjkTqpQB07HbUX8jkS0QfkDeOk=",
        "ref": "refs/heads/rolling",
        "rev": "f6f1c65bb7775148d1683f71868358f2be3b0e4b",
        "revCount": 66,
        "type": "git",
        "url": "https://gitlab.continuum.ii.uni.wroc.pl/continuum/software/aleph2_common"
      },
      "original": {
        "type": "git",
        "url": "https://gitlab.continuum.ii.uni.wroc.pl/continuum/software/aleph2_common"
      }
    },
    "flake-utils": {
      "inputs": {
        "systems": "systems"
      },
      "locked": {
        "lastModified": 1705309234,
        "narHash": "sha256-uNRRNRKmJyCRC/8y1RqBkqWBLM034y4qN7EprSdmgyA=",
        "owner": "numtide",
        "repo": "flake-utils",
        "rev": "1ef2e671c3b0c19053962c07dbda38332dcebf26",
        "type": "github"
      },
      "original": {
        "owner": "numtide",
        "repo": "flake-utils",
        "type": "github"
      }
    },
    "nix-ros-overlay": {
      "inputs": {
        "flake-utils": "flake-utils",
        "nixpkgs": "nixpkgs"
      },
      "locked": {
        "lastModified": 1752331620,
        "narHash": "sha256-pF5CuxbOpx4bp2VE91K0GBAGzO0CehYmBpzjLbe0cHM=",
        "ref": "continuum",
        "rev": "660d780fb9fab3d51cd3f05e0f461ebdd926f3e1",
        "revCount": 929,
        "type": "git",
        "url": "https://gitlab.continuum.ii.uni.wroc.pl/continuum/software/nix-ros-overlay"
      },
      "original": {
        "ref": "continuum",
        "type": "git",
        "url": "https://gitlab.continuum.ii.uni.wroc.pl/continuum/software/nix-ros-overlay"
      }
    },
    "nixpkgs": {
      "locked": {
        "lastModified": 1707268954,
        "narHash": "sha256-2en1kvde3cJVc3ZnTy8QeD2oKcseLFjYPLKhIGDanQ0=",
        "owner": "lopsided98",
        "repo": "nixpkgs",
        "rev": "f8e2ebd66d097614d51a56a755450d4ae1632df1",
        "type": "github"
      },
      "original": {
        "owner": "lopsided98",
        "ref": "nix-ros",
        "repo": "nixpkgs",
        "type": "github"
      }
    },
    "root": {
      "inputs": {
        "aleph2-common": "aleph2-common",
        "flake-utils": [
          "aleph2-common",
          "flake-utils"
        ],
        "nix-ros-overlay": [
          "aleph2-common",
          "nix-ros-overlay"
        ],
        "nixpkgs": [
          "aleph2-common",
          "nixpkgs"
        ]
      }
    },
    "systems": {
      "locked": {
        "lastModified": 1681028828,
        "narHash": "sha256-Vy1rq5AaRuLzOxct8nz4T6wlgyUR7zLU309k9mBC768=",
        "owner": "nix-systems",
        "repo": "default",
        "rev": "da67096a3b9bf56a91d16901293e51ba5b49a27e",
        "type": "github"
      },
      "original": {
        "owner": "nix-systems",
        "repo": "default",
        "type": "github"
      }
    }
  },
  "root": "root",
  "version": 7
}
