{
  "nodes": {
    "aleph2-common": {
      "inputs": {
        "flake-utils": [
          "aleph2-common",
          "nix-ros-overlay",
          "flake-utils"
        ],
        "nix-ros-overlay": "nix-ros-overlay",
        "nixpkgs": [
          "aleph2-common",
          "nix-ros-overlay",
          "nixpkgs"
        ]
      },
      "locked": {
        "lastModified": 1713986964,
        "narHash": "sha256-kiu/pochXGGtc/b2zAO53mtgmtY6+goz41jt0RRQ2e0=",
        "ref": "nix-update",
        "rev": "db42d398ec816ef71ec8f7d5cb4929e9cbe94ee6",
        "revCount": 57,
        "type": "git",
        "url": "https://gitlab.continuum.ii.uni.wroc.pl/continuum/software/aleph2_common"
      },
      "original": {
        "ref": "nix-update",
        "type": "git",
        "url": "https://gitlab.continuum.ii.uni.wroc.pl/continuum/software/aleph2_common"
      }
    },
    "flake-utils": {
      "inputs": {
        "systems": "systems"
      },
      "locked": {
        "lastModified": 1710146030,
        "narHash": "sha256-SZ5L6eA7HJ/nmkzGG7/ISclqe6oZdOZTNoesiInkXPQ=",
        "owner": "numtide",
        "repo": "flake-utils",
        "rev": "b1d9ab70662946ef0850d488da1c9019f3a9752a",
        "type": "github"
      },
      "original": {
        "owner": "numtide",
        "repo": "flake-utils",
        "type": "github"
      }
    },
    "nix-ros-overlay": {
      "inputs": {
        "flake-utils": "flake-utils",
        "nixpkgs": "nixpkgs"
      },
      "locked": {
        "lastModified": 1713706382,
        "narHash": "sha256-bILwH6H0Z6kkRWWM719gUJHY1AW1S3qAum6tpO+QtYI=",
        "ref": "continuum",
        "rev": "11506ecb7f42f6db4c17a7fce0a0458e4d7aa348",
        "revCount": 921,
        "type": "git",
        "url": "https://gitlab.continuum.ii.uni.wroc.pl/continuum/software/nix-ros-overlay"
      },
      "original": {
        "ref": "continuum",
        "type": "git",
        "url": "https://gitlab.continuum.ii.uni.wroc.pl/continuum/software/nix-ros-overlay"
      }
    },
    "nixpkgs": {
      "locked": {
        "lastModified": 1712608508,
        "narHash": "sha256-vMZ5603yU0wxgyQeHJryOI+O61yrX2AHwY6LOFyV1gM=",
        "owner": "lopsided98",
        "repo": "nixpkgs",
        "rev": "4cba8b53da471aea2ab2b0c1f30a81e7c451f4b6",
        "type": "github"
      },
      "original": {
        "owner": "lopsided98",
        "ref": "nix-ros",
        "repo": "nixpkgs",
        "type": "github"
      }
    },
    "root": {
      "inputs": {
        "aleph2-common": "aleph2-common",
        "flake-utils": [
          "aleph2-common",
          "flake-utils"
        ],
        "nix-ros-overlay": [
          "aleph2-common",
          "nix-ros-overlay"
        ],
        "nixpkgs": [
          "aleph2-common",
          "nixpkgs"
        ]
      }
    },
    "systems": {
      "locked": {
        "lastModified": 1681028828,
        "narHash": "sha256-Vy1rq5AaRuLzOxct8nz4T6wlgyUR7zLU309k9mBC768=",
        "owner": "nix-systems",
        "repo": "default",
        "rev": "da67096a3b9bf56a91d16901293e51ba5b49a27e",
        "type": "github"
      },
      "original": {
        "owner": "nix-systems",
        "repo": "default",
        "type": "github"
      }
    }
  },
  "root": "root",
  "version": 7
}
