{
  "nodes": {
    "aleph2-common": {
      "inputs": {
        "flake-utils": [
          "aleph2-common",
          "nix-ros-overlay",
          "flake-utils"
        ],
        "nix-ros-overlay": "nix-ros-overlay",
        "nixpkgs": [
          "aleph2-common",
          "nix-ros-overlay",
          "nixpkgs"
        ]
      },
      "locked": {
        "lastModified": 1765317336,
        "narHash": "sha256-cY1WuKURzC5LCEDMqrSiqjDbK71WSD11/HAftaBMBrk=",
        "ref": "jazzy",
        "rev": "6a4f4f0d1850c83e1817c7f8ed8e629ce32647cd",
        "revCount": 70,
        "type": "git",
        "url": "https://gitlab.continuum.ii.uni.wroc.pl/continuum/software/aleph2_common"
      },
      "original": {
        "ref": "jazzy",
        "type": "git",
        "url": "https://gitlab.continuum.ii.uni.wroc.pl/continuum/software/aleph2_common"
      }
    },
    "flake-utils": {
      "inputs": {
        "systems": "systems"
      },
      "locked": {
        "lastModified": 1731533236,
        "narHash": "sha256-l0KFg5HjrsfsO/JpG+r7fRrqm12kzFHyUHqHCVpMMbI=",
        "owner": "numtide",
        "repo": "flake-utils",
        "rev": "11707dc2f618dd54ca8739b309ec4fc024de578b",
        "type": "github"
      },
      "original": {
        "owner": "numtide",
        "repo": "flake-utils",
        "type": "github"
      }
    },
    "nix-ros-overlay": {
      "inputs": {
        "flake-utils": "flake-utils",
        "nixpkgs": "nixpkgs"
      },
      "locked": {
        "lastModified": 1765317272,
        "narHash": "sha256-VdGAvs7Uuy2V0AXPYwkU75HfhKHtyfmbVFavLLsBvxE=",
        "ref": "continuum-update",
        "rev": "512c04fce1a3e58d04c8dc49c37828f8745a7468",
        "revCount": 1195,
        "type": "git",
        "url": "https://gitlab.continuum.ii.uni.wroc.pl/continuum/software/nix-ros-overlay"
      },
      "original": {
        "ref": "continuum-update",
        "type": "git",
        "url": "https://gitlab.continuum.ii.uni.wroc.pl/continuum/software/nix-ros-overlay"
      }
    },
    "nixpkgs": {
      "locked": {
        "lastModified": 1744849697,
        "narHash": "sha256-S9hqvanPSeRu6R4cw0OhvH1rJ+4/s9xIban9C4ocM/0=",
        "owner": "lopsided98",
        "repo": "nixpkgs",
        "rev": "6318f538166fef9f5118d8d78b9b43a04bb049e4",
        "type": "github"
      },
      "original": {
        "owner": "lopsided98",
        "ref": "nix-ros",
        "repo": "nixpkgs",
        "type": "github"
      }
    },
    "root": {
      "inputs": {
        "aleph2-common": "aleph2-common",
        "flake-utils": [
          "aleph2-common",
          "flake-utils"
        ],
        "nix-ros-overlay": [
          "aleph2-common",
          "nix-ros-overlay"
        ],
        "nixpkgs": [
          "aleph2-common",
          "nixpkgs"
        ]
      }
    },
    "systems": {
      "locked": {
        "lastModified": 1681028828,
        "narHash": "sha256-Vy1rq5AaRuLzOxct8nz4T6wlgyUR7zLU309k9mBC768=",
        "owner": "nix-systems",
        "repo": "default",
        "rev": "da67096a3b9bf56a91d16901293e51ba5b49a27e",
        "type": "github"
      },
      "original": {
        "owner": "nix-systems",
        "repo": "default",
        "type": "github"
      }
    }
  },
  "root": "root",
  "version": 7
}
